
Microsoft Visual Studio Solution File, Format Version 12.00
# Visual Studio Version 16
VisualStudioVersion = 16.0.30002.166
MinimumVisualStudioVersion = 10.0.40219.1
Project("{9A19103F-16F7-4668-BE54-9A1E7A4F7556}") = "OrderManagement", "OrderManagement\OrderManagement.csproj", "{77C35C7A-A3C8-4407-9456-86C9E8FE34BB}"
EndProject
Project("{9A19103F-16F7-4668-BE54-9A1E7A4F7556}") = "CommonWebModule", "CommonWebModule\CommonWebModule.csproj", "{0D28DAB6-9E12-4616-9DF5-AF0F3221A516}"
EndProject
Project("{9A19103F-16F7-4668-BE54-9A1E7A4F7556}") = "OrderManagementModel", "OrderManagementModel\OrderManagementModel.csproj", "{22B16CE4-D7D2-4263-B1BF-DFFFAFE6F7AE}"
EndProject
Project("{9A19103F-16F7-4668-BE54-9A1E7A4F7556}") = "OrderManagementBll", "OrderManagementBll\OrderManagementBll.csproj", "{F99ADF1E-3E7B-4362-84C3-E418F7BF2C58}"
EndProject
Project("{9A19103F-16F7-4668-BE54-9A1E7A4F7556}") = "OrderManagementDao_Mysql", "OrderManagementDao_Mysql\OrderManagementDao_Mysql.csproj", "{B3B1AB88-4C4B-45C4-94D0-20DEA0E496DA}"
EndProject
Project("{9A19103F-16F7-4668-BE54-9A1E7A4F7556}") = "Util", "Util\Util.csproj", "{7CBA3DD0-190F-4E31-B928-6D145A20EE9D}"
EndProject
Project("{9A19103F-16F7-4668-BE54-9A1E7A4F7556}") = "RedisDao", "RedisDao\RedisDao.csproj", "{FEA04216-4899-4D62-AF67-1895E7F08A6C}"
EndProject
Project("{9A19103F-16F7-4668-BE54-9A1E7A4F7556}") = "Tests", "Tests\Tests.csproj", "{75DD7E8C-A279-480C-B6F6-383F0CE42CCB}"
EndProject
Project("{FAE04EC0-301F-11D3-BF4B-00C04F79EFBC}") = "AspWeb", "AspWeb\AspWeb.csproj", "{1C84E0D1-AB32-4600-A492-77FF45C055E0}"
EndProject
Project("{FAE04EC0-301F-11D3-BF4B-00C04F79EFBC}") = "WebApplication1", "WebApplication1\WebApplication1.csproj", "{F487D3BA-F291-46B9-84AB-7531AB8D48EF}"
EndProject
Project("{9A19103F-16F7-4668-BE54-9A1E7A4F7556}") = "RedisDao_BeetleX", "RedisDao_BeetleX\RedisDao_BeetleX.csproj", "{1C6BCCF9-4854-42B6-86BC-B4EF323E03E4}"
EndProject
Project("{9A19103F-16F7-4668-BE54-9A1E7A4F7556}") = "BeetleX.Redis", "..\..\BeetleX.Redis\src\BeetleX.Redis.csproj", "{D4B61733-BF12-459D-8CD3-6929C71A721A}"
EndProject
Project("{9A19103F-16F7-4668-BE54-9A1E7A4F7556}") = "MQServer", "MQ\MQServer.csproj", "{AB03E506-6409-465F-BC27-416108BE369C}"
EndProject
Project("{9A19103F-16F7-4668-BE54-9A1E7A4F7556}") = "MQTestConsole", "MQTestConsole\MQTestConsole.csproj", "{4AB133B9-33E6-4734-8623-F34674199748}"
EndProject
Project("{9A19103F-16F7-4668-BE54-9A1E7A4F7556}") = "MQWebApiTest", "MQWebApiTest\MQWebApiTest.csproj", "{B05D5753-9FF5-4610-95DE-570D83567B20}"
EndProject
Project("{9A19103F-16F7-4668-BE54-9A1E7A4F7556}") = "MQClient", "MQClient\MQClient.csproj", "{1718F968-6C13-40CE-9CCD-BD2142D04804}"
EndProject
Project("{9A19103F-16F7-4668-BE54-9A1E7A4F7556}") = "GrpcService1", "GrpcService1\GrpcService1.csproj", "{6922A1A2-CB4C-4411-962D-10F74BCA45AD}"
EndProject
Project("{9A19103F-16F7-4668-BE54-9A1E7A4F7556}") = "HttpHelper", "HttpHelper\HttpHelper.csproj", "{67FF9878-7CC9-4443-A108-16118AF6DAE5}"
EndProject
Project("{FAE04EC0-301F-11D3-BF4B-00C04F79EFBC}") = "WindwosAndLinuxServices", "WindwosAndLinuxServices\WindwosAndLinuxServices.csproj", "{22761303-FB54-4CB0-B0EF-427E8F94D17A}"
EndProject
Global
	GlobalSection(SolutionConfigurationPlatforms) = preSolution
		Debug|Any CPU = Debug|Any CPU
		Release|Any CPU = Release|Any CPU
	EndGlobalSection
	GlobalSection(ProjectConfigurationPlatforms) = postSolution
		{77C35C7A-A3C8-4407-9456-86C9E8FE34BB}.Debug|Any CPU.ActiveCfg = Debug|Any CPU
		{77C35C7A-A3C8-4407-9456-86C9E8FE34BB}.Debug|Any CPU.Build.0 = Debug|Any CPU
		{77C35C7A-A3C8-4407-9456-86C9E8FE34BB}.Release|Any CPU.ActiveCfg = Release|Any CPU
		{77C35C7A-A3C8-4407-9456-86C9E8FE34BB}.Release|Any CPU.Build.0 = Release|Any CPU
		{0D28DAB6-9E12-4616-9DF5-AF0F3221A516}.Debug|Any CPU.ActiveCfg = Debug|Any CPU
		{0D28DAB6-9E12-4616-9DF5-AF0F3221A516}.Debug|Any CPU.Build.0 = Debug|Any CPU
		{0D28DAB6-9E12-4616-9DF5-AF0F3221A516}.Release|Any CPU.ActiveCfg = Release|Any CPU
		{0D28DAB6-9E12-4616-9DF5-AF0F3221A516}.Release|Any CPU.Build.0 = Release|Any CPU
		{22B16CE4-D7D2-4263-B1BF-DFFFAFE6F7AE}.Debug|Any CPU.ActiveCfg = Debug|Any CPU
		{22B16CE4-D7D2-4263-B1BF-DFFFAFE6F7AE}.Debug|Any CPU.Build.0 = Debug|Any CPU
		{22B16CE4-D7D2-4263-B1BF-DFFFAFE6F7AE}.Release|Any CPU.ActiveCfg = Release|Any CPU
		{22B16CE4-D7D2-4263-B1BF-DFFFAFE6F7AE}.Release|Any CPU.Build.0 = Release|Any CPU
		{F99ADF1E-3E7B-4362-84C3-E418F7BF2C58}.Debug|Any CPU.ActiveCfg = Debug|Any CPU
		{F99ADF1E-3E7B-4362-84C3-E418F7BF2C58}.Debug|Any CPU.Build.0 = Debug|Any CPU
		{F99ADF1E-3E7B-4362-84C3-E418F7BF2C58}.Release|Any CPU.ActiveCfg = Release|Any CPU
		{F99ADF1E-3E7B-4362-84C3-E418F7BF2C58}.Release|Any CPU.Build.0 = Release|Any CPU
		{B3B1AB88-4C4B-45C4-94D0-20DEA0E496DA}.Debug|Any CPU.ActiveCfg = Debug|Any CPU
		{B3B1AB88-4C4B-45C4-94D0-20DEA0E496DA}.Debug|Any CPU.Build.0 = Debug|Any CPU
		{B3B1AB88-4C4B-45C4-94D0-20DEA0E496DA}.Release|Any CPU.ActiveCfg = Release|Any CPU
		{B3B1AB88-4C4B-45C4-94D0-20DEA0E496DA}.Release|Any CPU.Build.0 = Release|Any CPU
		{7CBA3DD0-190F-4E31-B928-6D145A20EE9D}.Debug|Any CPU.ActiveCfg = Debug|Any CPU
		{7CBA3DD0-190F-4E31-B928-6D145A20EE9D}.Debug|Any CPU.Build.0 = Debug|Any CPU
		{7CBA3DD0-190F-4E31-B928-6D145A20EE9D}.Release|Any CPU.ActiveCfg = Release|Any CPU
		{7CBA3DD0-190F-4E31-B928-6D145A20EE9D}.Release|Any CPU.Build.0 = Release|Any CPU
		{FEA04216-4899-4D62-AF67-1895E7F08A6C}.Debug|Any CPU.ActiveCfg = Debug|Any CPU
		{FEA04216-4899-4D62-AF67-1895E7F08A6C}.Debug|Any CPU.Build.0 = Debug|Any CPU
		{FEA04216-4899-4D62-AF67-1895E7F08A6C}.Release|Any CPU.ActiveCfg = Release|Any CPU
		{FEA04216-4899-4D62-AF67-1895E7F08A6C}.Release|Any CPU.Build.0 = Release|Any CPU
		{75DD7E8C-A279-480C-B6F6-383F0CE42CCB}.Debug|Any CPU.ActiveCfg = Debug|Any CPU
		{75DD7E8C-A279-480C-B6F6-383F0CE42CCB}.Debug|Any CPU.Build.0 = Debug|Any CPU
		{75DD7E8C-A279-480C-B6F6-383F0CE42CCB}.Release|Any CPU.ActiveCfg = Release|Any CPU
		{75DD7E8C-A279-480C-B6F6-383F0CE42CCB}.Release|Any CPU.Build.0 = Release|Any CPU
		{1C84E0D1-AB32-4600-A492-77FF45C055E0}.Debug|Any CPU.ActiveCfg = Debug|Any CPU
		{1C84E0D1-AB32-4600-A492-77FF45C055E0}.Debug|Any CPU.Build.0 = Debug|Any CPU
		{1C84E0D1-AB32-4600-A492-77FF45C055E0}.Release|Any CPU.ActiveCfg = Release|Any CPU
		{1C84E0D1-AB32-4600-A492-77FF45C055E0}.Release|Any CPU.Build.0 = Release|Any CPU
		{F487D3BA-F291-46B9-84AB-7531AB8D48EF}.Debug|Any CPU.ActiveCfg = Debug|Any CPU
		{F487D3BA-F291-46B9-84AB-7531AB8D48EF}.Debug|Any CPU.Build.0 = Debug|Any CPU
		{F487D3BA-F291-46B9-84AB-7531AB8D48EF}.Release|Any CPU.ActiveCfg = Release|Any CPU
		{F487D3BA-F291-46B9-84AB-7531AB8D48EF}.Release|Any CPU.Build.0 = Release|Any CPU
		{1C6BCCF9-4854-42B6-86BC-B4EF323E03E4}.Debug|Any CPU.ActiveCfg = Debug|Any CPU
		{1C6BCCF9-4854-42B6-86BC-B4EF323E03E4}.Debug|Any CPU.Build.0 = Debug|Any CPU
		{1C6BCCF9-4854-42B6-86BC-B4EF323E03E4}.Release|Any CPU.ActiveCfg = Release|Any CPU
		{1C6BCCF9-4854-42B6-86BC-B4EF323E03E4}.Release|Any CPU.Build.0 = Release|Any CPU
		{D4B61733-BF12-459D-8CD3-6929C71A721A}.Debug|Any CPU.ActiveCfg = Debug|Any CPU
		{D4B61733-BF12-459D-8CD3-6929C71A721A}.Debug|Any CPU.Build.0 = Debug|Any CPU
		{D4B61733-BF12-459D-8CD3-6929C71A721A}.Release|Any CPU.ActiveCfg = Release|Any CPU
		{D4B61733-BF12-459D-8CD3-6929C71A721A}.Release|Any CPU.Build.0 = Release|Any CPU
		{AB03E506-6409-465F-BC27-416108BE369C}.Debug|Any CPU.ActiveCfg = Debug|Any CPU
		{AB03E506-6409-465F-BC27-416108BE369C}.Debug|Any CPU.Build.0 = Debug|Any CPU
		{AB03E506-6409-465F-BC27-416108BE369C}.Release|Any CPU.ActiveCfg = Release|Any CPU
		{AB03E506-6409-465F-BC27-416108BE369C}.Release|Any CPU.Build.0 = Release|Any CPU
		{4AB133B9-33E6-4734-8623-F34674199748}.Debug|Any CPU.ActiveCfg = Debug|Any CPU
		{4AB133B9-33E6-4734-8623-F34674199748}.Debug|Any CPU.Build.0 = Debug|Any CPU
		{4AB133B9-33E6-4734-8623-F34674199748}.Release|Any CPU.ActiveCfg = Release|Any CPU
		{4AB133B9-33E6-4734-8623-F34674199748}.Release|Any CPU.Build.0 = Release|Any CPU
		{B05D5753-9FF5-4610-95DE-570D83567B20}.Debug|Any CPU.ActiveCfg = Debug|Any CPU
		{B05D5753-9FF5-4610-95DE-570D83567B20}.Debug|Any CPU.Build.0 = Debug|Any CPU
		{B05D5753-9FF5-4610-95DE-570D83567B20}.Release|Any CPU.ActiveCfg = Release|Any CPU
		{B05D5753-9FF5-4610-95DE-570D83567B20}.Release|Any CPU.Build.0 = Release|Any CPU
		{1718F968-6C13-40CE-9CCD-BD2142D04804}.Debug|Any CPU.ActiveCfg = Debug|Any CPU
		{1718F968-6C13-40CE-9CCD-BD2142D04804}.Debug|Any CPU.Build.0 = Debug|Any CPU
		{1718F968-6C13-40CE-9CCD-BD2142D04804}.Release|Any CPU.ActiveCfg = Release|Any CPU
		{1718F968-6C13-40CE-9CCD-BD2142D04804}.Release|Any CPU.Build.0 = Release|Any CPU
		{6922A1A2-CB4C-4411-962D-10F74BCA45AD}.Debug|Any CPU.ActiveCfg = Debug|Any CPU
		{6922A1A2-CB4C-4411-962D-10F74BCA45AD}.Debug|Any CPU.Build.0 = Debug|Any CPU
		{6922A1A2-CB4C-4411-962D-10F74BCA45AD}.Release|Any CPU.ActiveCfg = Release|Any CPU
		{6922A1A2-CB4C-4411-962D-10F74BCA45AD}.Release|Any CPU.Build.0 = Release|Any CPU
		{67FF9878-7CC9-4443-A108-16118AF6DAE5}.Debug|Any CPU.ActiveCfg = Debug|Any CPU
		{67FF9878-7CC9-4443-A108-16118AF6DAE5}.Debug|Any CPU.Build.0 = Debug|Any CPU
		{67FF9878-7CC9-4443-A108-16118AF6DAE5}.Release|Any CPU.ActiveCfg = Release|Any CPU
		{67FF9878-7CC9-4443-A108-16118AF6DAE5}.Release|Any CPU.Build.0 = Release|Any CPU
		{22761303-FB54-4CB0-B0EF-427E8F94D17A}.Debug|Any CPU.ActiveCfg = Debug|Any CPU
		{22761303-FB54-4CB0-B0EF-427E8F94D17A}.Debug|Any CPU.Build.0 = Debug|Any CPU
		{22761303-FB54-4CB0-B0EF-427E8F94D17A}.Release|Any CPU.ActiveCfg = Release|Any CPU
		{22761303-FB54-4CB0-B0EF-427E8F94D17A}.Release|Any CPU.Build.0 = Release|Any CPU
	EndGlobalSection
	GlobalSection(SolutionProperties) = preSolution
		HideSolutionNode = FALSE
	EndGlobalSection
	GlobalSection(ExtensibilityGlobals) = postSolution
		SolutionGuid = {E2A765B5-A781-45FC-A9D2-7FF3FBE7FEA8}
	EndGlobalSection
EndGlobal
