
Microsoft Visual Studio Solution File, Format Version 12.00
# Visual Studio Version 16
VisualStudioVersion = 16.0.30002.166
MinimumVisualStudioVersion = 10.0.40219.1
Project("{9A19103F-16F7-4668-BE54-9A1E7A4F7556}") = "OrderManagement", "OrderManagement\OrderManagement.csproj", "{77C35C7A-A3C8-4407-9456-86C9E8FE34BB}"
EndProject
Project("{9A19103F-16F7-4668-BE54-9A1E7A4F7556}") = "CommonWebModule", "CommonWebModule\CommonWebModule.csproj", "{0D28DAB6-9E12-4616-9DF5-AF0F3221A516}"
EndProject
Project("{FAE04EC0-301F-11D3-BF4B-00C04F79EFBC}") = "OrderManagementModel", "OrderManagementModel\OrderManagementModel.csproj", "{22B16CE4-D7D2-4263-B1BF-DFFFAFE6F7AE}"
EndProject
Project("{FAE04EC0-301F-11D3-BF4B-00C04F79EFBC}") = "OrderManagementBll", "OrderManagementBll\OrderManagementBll.csproj", "{F99ADF1E-3E7B-4362-84C3-E418F7BF2C58}"
EndProject
Project("{FAE04EC0-301F-11D3-BF4B-00C04F79EFBC}") = "OrderManagementDao_Mysql", "OrderManagementDao_Mysql\OrderManagementDao_Mysql.csproj", "{B3B1AB88-4C4B-45C4-94D0-20DEA0E496DA}"
EndProject
Project("{FAE04EC0-301F-11D3-BF4B-00C04F79EFBC}") = "Util", "Util\Util.csproj", "{7CBA3DD0-190F-4E31-B928-6D145A20EE9D}"
EndProject
Global
	GlobalSection(SolutionConfigurationPlatforms) = preSolution
		Debug|Any CPU = Debug|Any CPU
		Release|Any CPU = Release|Any CPU
	EndGlobalSection
	GlobalSection(ProjectConfigurationPlatforms) = postSolution
		{77C35C7A-A3C8-4407-9456-86C9E8FE34BB}.Debug|Any CPU.ActiveCfg = Debug|Any CPU
		{77C35C7A-A3C8-4407-9456-86C9E8FE34BB}.Debug|Any CPU.Build.0 = Debug|Any CPU
		{77C35C7A-A3C8-4407-9456-86C9E8FE34BB}.Release|Any CPU.ActiveCfg = Release|Any CPU
		{77C35C7A-A3C8-4407-9456-86C9E8FE34BB}.Release|Any CPU.Build.0 = Release|Any CPU
		{0D28DAB6-9E12-4616-9DF5-AF0F3221A516}.Debug|Any CPU.ActiveCfg = Debug|Any CPU
		{0D28DAB6-9E12-4616-9DF5-AF0F3221A516}.Debug|Any CPU.Build.0 = Debug|Any CPU
		{0D28DAB6-9E12-4616-9DF5-AF0F3221A516}.Release|Any CPU.ActiveCfg = Release|Any CPU
		{0D28DAB6-9E12-4616-9DF5-AF0F3221A516}.Release|Any CPU.Build.0 = Release|Any CPU
		{22B16CE4-D7D2-4263-B1BF-DFFFAFE6F7AE}.Debug|Any CPU.ActiveCfg = Debug|Any CPU
		{22B16CE4-D7D2-4263-B1BF-DFFFAFE6F7AE}.Debug|Any CPU.Build.0 = Debug|Any CPU
		{22B16CE4-D7D2-4263-B1BF-DFFFAFE6F7AE}.Release|Any CPU.ActiveCfg = Release|Any CPU
		{22B16CE4-D7D2-4263-B1BF-DFFFAFE6F7AE}.Release|Any CPU.Build.0 = Release|Any CPU
		{F99ADF1E-3E7B-4362-84C3-E418F7BF2C58}.Debug|Any CPU.ActiveCfg = Debug|Any CPU
		{F99ADF1E-3E7B-4362-84C3-E418F7BF2C58}.Debug|Any CPU.Build.0 = Debug|Any CPU
		{F99ADF1E-3E7B-4362-84C3-E418F7BF2C58}.Release|Any CPU.ActiveCfg = Release|Any CPU
		{F99ADF1E-3E7B-4362-84C3-E418F7BF2C58}.Release|Any CPU.Build.0 = Release|Any CPU
		{B3B1AB88-4C4B-45C4-94D0-20DEA0E496DA}.Debug|Any CPU.ActiveCfg = Debug|Any CPU
		{B3B1AB88-4C4B-45C4-94D0-20DEA0E496DA}.Debug|Any CPU.Build.0 = Debug|Any CPU
		{B3B1AB88-4C4B-45C4-94D0-20DEA0E496DA}.Release|Any CPU.ActiveCfg = Release|Any CPU
		{B3B1AB88-4C4B-45C4-94D0-20DEA0E496DA}.Release|Any CPU.Build.0 = Release|Any CPU
		{7CBA3DD0-190F-4E31-B928-6D145A20EE9D}.Debug|Any CPU.ActiveCfg = Debug|Any CPU
		{7CBA3DD0-190F-4E31-B928-6D145A20EE9D}.Debug|Any CPU.Build.0 = Debug|Any CPU
		{7CBA3DD0-190F-4E31-B928-6D145A20EE9D}.Release|Any CPU.ActiveCfg = Release|Any CPU
		{7CBA3DD0-190F-4E31-B928-6D145A20EE9D}.Release|Any CPU.Build.0 = Release|Any CPU
	EndGlobalSection
	GlobalSection(SolutionProperties) = preSolution
		HideSolutionNode = FALSE
	EndGlobalSection
	GlobalSection(ExtensibilityGlobals) = postSolution
		SolutionGuid = {E2A765B5-A781-45FC-A9D2-7FF3FBE7FEA8}
	EndGlobalSection
EndGlobal
